Microsoft Visual Studio Solution File, Format Version 12.00
# Visual Studio Version 17
VisualStudioVersion = 17.0.31903.59
MinimumVisualStudioVersion = 10.0.40219.1
Project("{9A19103F-16F7-4668-BE54-9A1E7A4F7556}") = "MSUIClient", "MSUIClient\MSUIClient.csproj", "{7B3E1A42-9C15-4D8E-B6A1-2F0C5E9D3A71}"
EndProject
Project("{FAE04EC0-301F-11D3-BF4B-00C04F79EFBC}") = "ui-parity", "tools\ui-parity\ui-parity.csproj", "{C4F2E719-1A0D-4B42-961D-FA1E0B7BC27A}"
EndProject
Project("{FAE04EC0-301F-11D3-BF4B-00C04F79EFBC}") = "snapshot-parity", "tools\snapshot-parity\snapshot-parity.csproj", "{0F0C6311-B1C4-4BEC-B29B-6260F9A1A40F}"
EndProject
Project("{FAE04EC0-301F-11D3-BF4B-00C04F79EFBC}") = "inventory-parity-check", "tools\inventory-parity-check\inventory-parity-check.csproj", "{A7F4E292-431D-4BA8-BFC2-4F77B584A813}"
EndProject
Project("{FAE04EC0-301F-11D3-BF4B-00C04F79EFBC}") = "spell-emitter-lab", "tools\spell-emitter-lab\spell-emitter-lab.csproj", "{39F61CC7-CB0C-4AB8-9142-6BC57DF18760}"
EndProject
Global
	GlobalSection(SolutionConfigurationPlatforms) = preSolution
		Debug|Any CPU = Debug|Any CPU
		Release|Any CPU = Release|Any CPU
	EndGlobalSection
	GlobalSection(ProjectConfigurationPlatforms) = postSolution
		{7B3E1A42-9C15-4D8E-B6A1-2F0C5E9D3A71}.Debug|Any CPU.ActiveCfg = Debug|Any CPU
		{7B3E1A42-9C15-4D8E-B6A1-2F0C5E9D3A71}.Debug|Any CPU.Build.0 = Debug|Any CPU
		{7B3E1A42-9C15-4D8E-B6A1-2F0C5E9D3A71}.Release|Any CPU.ActiveCfg = Release|Any CPU
		{7B3E1A42-9C15-4D8E-B6A1-2F0C5E9D3A71}.Release|Any CPU.Build.0 = Release|Any CPU
		{C4F2E719-1A0D-4B42-961D-FA1E0B7BC27A}.Debug|Any CPU.ActiveCfg = Debug|Any CPU
		{C4F2E719-1A0D-4B42-961D-FA1E0B7BC27A}.Debug|Any CPU.Build.0 = Debug|Any CPU
		{C4F2E719-1A0D-4B42-961D-FA1E0B7BC27A}.Release|Any CPU.ActiveCfg = Release|Any CPU
		{C4F2E719-1A0D-4B42-961D-FA1E0B7BC27A}.Release|Any CPU.Build.0 = Release|Any CPU
		{0F0C6311-B1C4-4BEC-B29B-6260F9A1A40F}.Debug|Any CPU.ActiveCfg = Debug|Any CPU
		{0F0C6311-B1C4-4BEC-B29B-6260F9A1A40F}.Debug|Any CPU.Build.0 = Debug|Any CPU
		{0F0C6311-B1C4-4BEC-B29B-6260F9A1A40F}.Release|Any CPU.ActiveCfg = Release|Any CPU
		{0F0C6311-B1C4-4BEC-B29B-6260F9A1A40F}.Release|Any CPU.Build.0 = Release|Any CPU
		{A7F4E292-431D-4BA8-BFC2-4F77B584A813}.Debug|Any CPU.ActiveCfg = Debug|Any CPU
		{A7F4E292-431D-4BA8-BFC2-4F77B584A813}.Debug|Any CPU.Build.0 = Debug|Any CPU
		{A7F4E292-431D-4BA8-BFC2-4F77B584A813}.Release|Any CPU.ActiveCfg = Release|Any CPU
		{A7F4E292-431D-4BA8-BFC2-4F77B584A813}.Release|Any CPU.Build.0 = Release|Any CPU
		{39F61CC7-CB0C-4AB8-9142-6BC57DF18760}.Debug|Any CPU.ActiveCfg = Debug|Any CPU
		{39F61CC7-CB0C-4AB8-9142-6BC57DF18760}.Debug|Any CPU.Build.0 = Debug|Any CPU
		{39F61CC7-CB0C-4AB8-9142-6BC57DF18760}.Release|Any CPU.ActiveCfg = Release|Any CPU
		{39F61CC7-CB0C-4AB8-9142-6BC57DF18760}.Release|Any CPU.Build.0 = Release|Any CPU
	EndGlobalSection
	GlobalSection(SolutionProperties) = preSolution
		HideSolutionNode = FALSE
	EndGlobalSection
	GlobalSection(ExtensibilityGlobals) = postSolution
		SolutionGuid = {C1F4D2B8-5A63-4E97-8D20-AF6B1C4E8952}
	EndGlobalSection
EndGlobal
